
Microsoft Visual Studio Solution File, Format Version 12.00
# Visual Studio 15
VisualStudioVersion = 15.0.28010.2041
MinimumVisualStudioVersion = 10.0.40219.1
Project("{FAE04EC0-301F-11D3-BF4B-00C04F79EFBC}") = "Refactoring", "Refactoring\Refactoring.csproj", "{305926CF-8D59-46FF-8DDD-525B27C99F69}"
EndProject
Global
	GlobalSection(SolutionConfigurationPlatforms) = preSolution
		Debug|Any CPU = Debug|Any CPU
		Release|Any CPU = Release|Any CPU
	EndGlobalSection
	GlobalSection(ProjectConfigurationPlatforms) = postSolution
		{305926CF-8D59-46FF-8DDD-525B27C99F69}.Debug|Any CPU.ActiveCfg = Debug|Any CPU
		{305926CF-8D59-46FF-8DDD-525B27C99F69}.Debug|Any CPU.Build.0 = Debug|Any CPU
		{305926CF-8D59-46FF-8DDD-525B27C99F69}.Release|Any CPU.ActiveCfg = Release|Any CPU
		{305926CF-8D59-46FF-8DDD-525B27C99F69}.Release|Any CPU.Build.0 = Release|Any CPU
	EndGlobalSection
	GlobalSection(SolutionProperties) = preSolution
		HideSolutionNode = FALSE
	EndGlobalSection
	GlobalSection(ExtensibilityGlobals) = postSolution
		SolutionGuid = {2BF1722C-EA7B-495B-AC20-E1150EE13981}
	EndGlobalSection
EndGlobal
